
Microsoft Visual Studio Solution File, Format Version 12.00
# Visual Studio 2012
Project("{FAE04EC0-301F-11D3-BF4B-00C04F79EFBC}") = "NHook", "NHook\NHook.csproj", "{97E5F276-C87D-4874-ACD5-3991DC37C89A}"
EndProject
Project("{FAE04EC0-301F-11D3-BF4B-00C04F79EFBC}") = "Tests", "Tests\Tests.csproj", "{9B4067E8-CECB-4BA5-AC1D-A461F24C9213}"
EndProject
Project("{8BC9CEB8-8B4A-11D0-8D11-00A0C91BC942}") = "NHook.Native", "NHook.Native\NHook.Native.vcxproj", "{CFD2852D-BB1B-4DC7-9862-A2C960E890DB}"
EndProject
Project("{FAE04EC0-301F-11D3-BF4B-00C04F79EFBC}") = "Builds", "Builds\Builds.csproj", "{B7EBE0FB-7E88-4C05-8803-02182F09EAFD}"
EndProject
Global
	GlobalSection(SubversionScc) = preSolution
		Manager = AnkhSVN - Subversion Support for Visual Studio
		Svn-Managed = True
	EndGlobalSection
	GlobalSection(SolutionConfigurationPlatforms) = preSolution
		Debug|Any CPU = Debug|Any CPU
		Debug|Mixed Platforms = Debug|Mixed Platforms
		Debug|Win32 = Debug|Win32
		Debug|x86 = Debug|x86
		Release|Any CPU = Release|Any CPU
		Release|Mixed Platforms = Release|Mixed Platforms
		Release|Win32 = Release|Win32
		Release|x86 = Release|x86
		net_2_0_Debug|Any CPU = net_2_0_Debug|Any CPU
		net_2_0_Debug|Mixed Platforms = net_2_0_Debug|Mixed Platforms
		net_2_0_Debug|Win32 = net_2_0_Debug|Win32
		net_2_0_Debug|x86 = net_2_0_Debug|x86
		net_2_0_Release|Any CPU = net_2_0_Release|Any CPU
		net_2_0_Release|Mixed Platforms = net_2_0_Release|Mixed Platforms
		net_2_0_Release|Win32 = net_2_0_Release|Win32
		net_2_0_Release|x86 = net_2_0_Release|x86
		net_3_5_Debug|Any CPU = net_3_5_Debug|Any CPU
		net_3_5_Debug|Mixed Platforms = net_3_5_Debug|Mixed Platforms
		net_3_5_Debug|Win32 = net_3_5_Debug|Win32
		net_3_5_Debug|x86 = net_3_5_Debug|x86
		net_3_5_Release|Any CPU = net_3_5_Release|Any CPU
		net_3_5_Release|Mixed Platforms = net_3_5_Release|Mixed Platforms
		net_3_5_Release|Win32 = net_3_5_Release|Win32
		net_3_5_Release|x86 = net_3_5_Release|x86
		net_4_0_Debug|Any CPU = net_4_0_Debug|Any CPU
		net_4_0_Debug|Mixed Platforms = net_4_0_Debug|Mixed Platforms
		net_4_0_Debug|Win32 = net_4_0_Debug|Win32
		net_4_0_Debug|x86 = net_4_0_Debug|x86
		net_4_0_Release|Any CPU = net_4_0_Release|Any CPU
		net_4_0_Release|Mixed Platforms = net_4_0_Release|Mixed Platforms
		net_4_0_Release|Win32 = net_4_0_Release|Win32
		net_4_0_Release|x86 = net_4_0_Release|x86
		silverlight_Debug|Any CPU = silverlight_Debug|Any CPU
		silverlight_Debug|Mixed Platforms = silverlight_Debug|Mixed Platforms
		silverlight_Debug|Win32 = silverlight_Debug|Win32
		silverlight_Debug|x86 = silverlight_Debug|x86
		silverlight_Release|Any CPU = silverlight_Release|Any CPU
		silverlight_Release|Mixed Platforms = silverlight_Release|Mixed Platforms
		silverlight_Release|Win32 = silverlight_Release|Win32
		silverlight_Release|x86 = silverlight_Release|x86
		winphone_Debug|Any CPU = winphone_Debug|Any CPU
		winphone_Debug|Mixed Platforms = winphone_Debug|Mixed Platforms
		winphone_Debug|Win32 = winphone_Debug|Win32
		winphone_Debug|x86 = winphone_Debug|x86
		winphone_Release|Any CPU = winphone_Release|Any CPU
		winphone_Release|Mixed Platforms = winphone_Release|Mixed Platforms
		winphone_Release|Win32 = winphone_Release|Win32
		winphone_Release|x86 = winphone_Release|x86
	EndGlobalSection
	GlobalSection(ProjectConfigurationPlatforms) = postSolution
		{97E5F276-C87D-4874-ACD5-3991DC37C89A}.Debug|Any CPU.ActiveCfg = Debug|Any CPU
		{97E5F276-C87D-4874-ACD5-3991DC37C89A}.Debug|Any CPU.Build.0 = Debug|Any CPU
		{97E5F276-C87D-4874-ACD5-3991DC37C89A}.Debug|Mixed Platforms.ActiveCfg = Debug|Any CPU
		{97E5F276-C87D-4874-ACD5-3991DC37C89A}.Debug|Mixed Platforms.Build.0 = Debug|Any CPU
		{97E5F276-C87D-4874-ACD5-3991DC37C89A}.Debug|Win32.ActiveCfg = Debug|Any CPU
		{97E5F276-C87D-4874-ACD5-3991DC37C89A}.Debug|x86.ActiveCfg = Debug|Any CPU
		{97E5F276-C87D-4874-ACD5-3991DC37C89A}.Release|Any CPU.ActiveCfg = Release|Any CPU
		{97E5F276-C87D-4874-ACD5-3991DC37C89A}.Release|Any CPU.Build.0 = Release|Any CPU
		{97E5F276-C87D-4874-ACD5-3991DC37C89A}.Release|Mixed Platforms.ActiveCfg = Release|Any CPU
		{97E5F276-C87D-4874-ACD5-3991DC37C89A}.Release|Mixed Platforms.Build.0 = Release|Any CPU
		{97E5F276-C87D-4874-ACD5-3991DC37C89A}.Release|Win32.ActiveCfg = Release|Any CPU
		{97E5F276-C87D-4874-ACD5-3991DC37C89A}.Release|x86.ActiveCfg = Release|Any CPU
		{97E5F276-C87D-4874-ACD5-3991DC37C89A}.net_2_0_Debug|Any CPU.ActiveCfg = Debug|Any CPU
		{97E5F276-C87D-4874-ACD5-3991DC37C89A}.net_2_0_Debug|Any CPU.Build.0 = Debug|Any CPU
		{97E5F276-C87D-4874-ACD5-3991DC37C89A}.net_2_0_Debug|Mixed Platforms.ActiveCfg = Debug|Any CPU
		{97E5F276-C87D-4874-ACD5-3991DC37C89A}.net_2_0_Debug|Mixed Platforms.Build.0 = Debug|Any CPU
		{97E5F276-C87D-4874-ACD5-3991DC37C89A}.net_2_0_Debug|Win32.ActiveCfg = Debug|Any CPU
		{97E5F276-C87D-4874-ACD5-3991DC37C89A}.net_2_0_Debug|x86.ActiveCfg = Debug|Any CPU
		{97E5F276-C87D-4874-ACD5-3991DC37C89A}.net_2_0_Release|Any CPU.ActiveCfg = Release|Any CPU
		{97E5F276-C87D-4874-ACD5-3991DC37C89A}.net_2_0_Release|Any CPU.Build.0 = Release|Any CPU
		{97E5F276-C87D-4874-ACD5-3991DC37C89A}.net_2_0_Release|Mixed Platforms.ActiveCfg = Release|Any CPU
		{97E5F276-C87D-4874-ACD5-3991DC37C89A}.net_2_0_Release|Mixed Platforms.Build.0 = Release|Any CPU
		{97E5F276-C87D-4874-ACD5-3991DC37C89A}.net_2_0_Release|Win32.ActiveCfg = Release|Any CPU
		{97E5F276-C87D-4874-ACD5-3991DC37C89A}.net_2_0_Release|x86.ActiveCfg = Release|Any CPU
		{97E5F276-C87D-4874-ACD5-3991DC37C89A}.net_3_5_Debug|Any CPU.ActiveCfg = Debug|Any CPU
		{97E5F276-C87D-4874-ACD5-3991DC37C89A}.net_3_5_Debug|Any CPU.Build.0 = Debug|Any CPU
		{97E5F276-C87D-4874-ACD5-3991DC37C89A}.net_3_5_Debug|Mixed Platforms.ActiveCfg = Debug|Any CPU
		{97E5F276-C87D-4874-ACD5-3991DC37C89A}.net_3_5_Debug|Mixed Platforms.Build.0 = Debug|Any CPU
		{97E5F276-C87D-4874-ACD5-3991DC37C89A}.net_3_5_Debug|Win32.ActiveCfg = Debug|Any CPU
		{97E5F276-C87D-4874-ACD5-3991DC37C89A}.net_3_5_Debug|x86.ActiveCfg = Debug|Any CPU
		{97E5F276-C87D-4874-ACD5-3991DC37C89A}.net_3_5_Release|Any CPU.ActiveCfg = Release|Any CPU
		{97E5F276-C87D-4874-ACD5-3991DC37C89A}.net_3_5_Release|Any CPU.Build.0 = Release|Any CPU
		{97E5F276-C87D-4874-ACD5-3991DC37C89A}.net_3_5_Release|Mixed Platforms.ActiveCfg = Release|Any CPU
		{97E5F276-C87D-4874-ACD5-3991DC37C89A}.net_3_5_Release|Mixed Platforms.Build.0 = Release|Any CPU
		{97E5F276-C87D-4874-ACD5-3991DC37C89A}.net_3_5_Release|Win32.ActiveCfg = Release|Any CPU
		{97E5F276-C87D-4874-ACD5-3991DC37C89A}.net_3_5_Release|x86.ActiveCfg = Release|Any CPU
		{97E5F276-C87D-4874-ACD5-3991DC37C89A}.net_4_0_Debug|Any CPU.ActiveCfg = Debug|Any CPU
		{97E5F276-C87D-4874-ACD5-3991DC37C89A}.net_4_0_Debug|Any CPU.Build.0 = Debug|Any CPU
		{97E5F276-C87D-4874-ACD5-3991DC37C89A}.net_4_0_Debug|Mixed Platforms.ActiveCfg = Debug|Any CPU
		{97E5F276-C87D-4874-ACD5-3991DC37C89A}.net_4_0_Debug|Mixed Platforms.Build.0 = Debug|Any CPU
		{97E5F276-C87D-4874-ACD5-3991DC37C89A}.net_4_0_Debug|Win32.ActiveCfg = Debug|Any CPU
		{97E5F276-C87D-4874-ACD5-3991DC37C89A}.net_4_0_Debug|x86.ActiveCfg = Debug|Any CPU
		{97E5F276-C87D-4874-ACD5-3991DC37C89A}.net_4_0_Release|Any CPU.ActiveCfg = Release|Any CPU
		{97E5F276-C87D-4874-ACD5-3991DC37C89A}.net_4_0_Release|Any CPU.Build.0 = Release|Any CPU
		{97E5F276-C87D-4874-ACD5-3991DC37C89A}.net_4_0_Release|Mixed Platforms.ActiveCfg = Release|Any CPU
		{97E5F276-C87D-4874-ACD5-3991DC37C89A}.net_4_0_Release|Mixed Platforms.Build.0 = Release|Any CPU
		{97E5F276-C87D-4874-ACD5-3991DC37C89A}.net_4_0_Release|Win32.ActiveCfg = Release|Any CPU
		{97E5F276-C87D-4874-ACD5-3991DC37C89A}.net_4_0_Release|x86.ActiveCfg = Release|Any CPU
		{97E5F276-C87D-4874-ACD5-3991DC37C89A}.silverlight_Debug|Any CPU.ActiveCfg = Debug|Any CPU
		{97E5F276-C87D-4874-ACD5-3991DC37C89A}.silverlight_Debug|Any CPU.Build.0 = Debug|Any CPU
		{97E5F276-C87D-4874-ACD5-3991DC37C89A}.silverlight_Debug|Mixed Platforms.ActiveCfg = Debug|Any CPU
		{97E5F276-C87D-4874-ACD5-3991DC37C89A}.silverlight_Debug|Mixed Platforms.Build.0 = Debug|Any CPU
		{97E5F276-C87D-4874-ACD5-3991DC37C89A}.silverlight_Debug|Win32.ActiveCfg = Debug|Any CPU
		{97E5F276-C87D-4874-ACD5-3991DC37C89A}.silverlight_Debug|x86.ActiveCfg = Debug|Any CPU
		{97E5F276-C87D-4874-ACD5-3991DC37C89A}.silverlight_Release|Any CPU.ActiveCfg = Release|Any CPU
		{97E5F276-C87D-4874-ACD5-3991DC37C89A}.silverlight_Release|Any CPU.Build.0 = Release|Any CPU
		{97E5F276-C87D-4874-ACD5-3991DC37C89A}.silverlight_Release|Mixed Platforms.ActiveCfg = Release|Any CPU
		{97E5F276-C87D-4874-ACD5-3991DC37C89A}.silverlight_Release|Mixed Platforms.Build.0 = Release|Any CPU
		{97E5F276-C87D-4874-ACD5-3991DC37C89A}.silverlight_Release|Win32.ActiveCfg = Release|Any CPU
		{97E5F276-C87D-4874-ACD5-3991DC37C89A}.silverlight_Release|x86.ActiveCfg = Release|Any CPU
		{97E5F276-C87D-4874-ACD5-3991DC37C89A}.winphone_Debug|Any CPU.ActiveCfg = Debug|Any CPU
		{97E5F276-C87D-4874-ACD5-3991DC37C89A}.winphone_Debug|Any CPU.Build.0 = Debug|Any CPU
		{97E5F276-C87D-4874-ACD5-3991DC37C89A}.winphone_Debug|Mixed Platforms.ActiveCfg = Debug|Any CPU
		{97E5F276-C87D-4874-ACD5-3991DC37C89A}.winphone_Debug|Mixed Platforms.Build.0 = Debug|Any CPU
		{97E5F276-C87D-4874-ACD5-3991DC37C89A}.winphone_Debug|Win32.ActiveCfg = Debug|Any CPU
		{97E5F276-C87D-4874-ACD5-3991DC37C89A}.winphone_Debug|x86.ActiveCfg = Debug|Any CPU
		{97E5F276-C87D-4874-ACD5-3991DC37C89A}.winphone_Release|Any CPU.ActiveCfg = Release|Any CPU
		{97E5F276-C87D-4874-ACD5-3991DC37C89A}.winphone_Release|Any CPU.Build.0 = Release|Any CPU
		{97E5F276-C87D-4874-ACD5-3991DC37C89A}.winphone_Release|Mixed Platforms.ActiveCfg = Release|Any CPU
		{97E5F276-C87D-4874-ACD5-3991DC37C89A}.winphone_Release|Mixed Platforms.Build.0 = Release|Any CPU
		{97E5F276-C87D-4874-ACD5-3991DC37C89A}.winphone_Release|Win32.ActiveCfg = Release|Any CPU
		{97E5F276-C87D-4874-ACD5-3991DC37C89A}.winphone_Release|x86.ActiveCfg = Release|Any CPU
		{9B4067E8-CECB-4BA5-AC1D-A461F24C9213}.Debug|Any CPU.ActiveCfg = Debug|x86
		{9B4067E8-CECB-4BA5-AC1D-A461F24C9213}.Debug|Mixed Platforms.ActiveCfg = Debug|x86
		{9B4067E8-CECB-4BA5-AC1D-A461F24C9213}.Debug|Mixed Platforms.Build.0 = Debug|x86
		{9B4067E8-CECB-4BA5-AC1D-A461F24C9213}.Debug|Win32.ActiveCfg = Debug|x86
		{9B4067E8-CECB-4BA5-AC1D-A461F24C9213}.Debug|Win32.Build.0 = Debug|x86
		{9B4067E8-CECB-4BA5-AC1D-A461F24C9213}.Debug|x86.ActiveCfg = Debug|x86
		{9B4067E8-CECB-4BA5-AC1D-A461F24C9213}.Debug|x86.Build.0 = Debug|x86
		{9B4067E8-CECB-4BA5-AC1D-A461F24C9213}.Release|Any CPU.ActiveCfg = Release|x86
		{9B4067E8-CECB-4BA5-AC1D-A461F24C9213}.Release|Mixed Platforms.ActiveCfg = Release|x86
		{9B4067E8-CECB-4BA5-AC1D-A461F24C9213}.Release|Mixed Platforms.Build.0 = Release|x86
		{9B4067E8-CECB-4BA5-AC1D-A461F24C9213}.Release|Win32.ActiveCfg = Release|x86
		{9B4067E8-CECB-4BA5-AC1D-A461F24C9213}.Release|Win32.Build.0 = Release|x86
		{9B4067E8-CECB-4BA5-AC1D-A461F24C9213}.Release|x86.ActiveCfg = Release|x86
		{9B4067E8-CECB-4BA5-AC1D-A461F24C9213}.Release|x86.Build.0 = Release|x86
		{9B4067E8-CECB-4BA5-AC1D-A461F24C9213}.net_2_0_Debug|Any CPU.ActiveCfg = Debug|x86
		{9B4067E8-CECB-4BA5-AC1D-A461F24C9213}.net_2_0_Debug|Mixed Platforms.ActiveCfg = Debug|x86
		{9B4067E8-CECB-4BA5-AC1D-A461F24C9213}.net_2_0_Debug|Mixed Platforms.Build.0 = Debug|x86
		{9B4067E8-CECB-4BA5-AC1D-A461F24C9213}.net_2_0_Debug|Win32.ActiveCfg = Debug|x86
		{9B4067E8-CECB-4BA5-AC1D-A461F24C9213}.net_2_0_Debug|Win32.Build.0 = Debug|x86
		{9B4067E8-CECB-4BA5-AC1D-A461F24C9213}.net_2_0_Debug|x86.ActiveCfg = Debug|x86
		{9B4067E8-CECB-4BA5-AC1D-A461F24C9213}.net_2_0_Debug|x86.Build.0 = Debug|x86
		{9B4067E8-CECB-4BA5-AC1D-A461F24C9213}.net_2_0_Release|Any CPU.ActiveCfg = Release|x86
		{9B4067E8-CECB-4BA5-AC1D-A461F24C9213}.net_2_0_Release|Mixed Platforms.ActiveCfg = Release|x86
		{9B4067E8-CECB-4BA5-AC1D-A461F24C9213}.net_2_0_Release|Mixed Platforms.Build.0 = Release|x86
		{9B4067E8-CECB-4BA5-AC1D-A461F24C9213}.net_2_0_Release|Win32.ActiveCfg = Release|x86
		{9B4067E8-CECB-4BA5-AC1D-A461F24C9213}.net_2_0_Release|Win32.Build.0 = Release|x86
		{9B4067E8-CECB-4BA5-AC1D-A461F24C9213}.net_2_0_Release|x86.ActiveCfg = Release|x86
		{9B4067E8-CECB-4BA5-AC1D-A461F24C9213}.net_2_0_Release|x86.Build.0 = Release|x86
		{9B4067E8-CECB-4BA5-AC1D-A461F24C9213}.net_3_5_Debug|Any CPU.ActiveCfg = Debug|x86
		{9B4067E8-CECB-4BA5-AC1D-A461F24C9213}.net_3_5_Debug|Mixed Platforms.ActiveCfg = Debug|x86
		{9B4067E8-CECB-4BA5-AC1D-A461F24C9213}.net_3_5_Debug|Mixed Platforms.Build.0 = Debug|x86
		{9B4067E8-CECB-4BA5-AC1D-A461F24C9213}.net_3_5_Debug|Win32.ActiveCfg = Debug|x86
		{9B4067E8-CECB-4BA5-AC1D-A461F24C9213}.net_3_5_Debug|Win32.Build.0 = Debug|x86
		{9B4067E8-CECB-4BA5-AC1D-A461F24C9213}.net_3_5_Debug|x86.ActiveCfg = Debug|x86
		{9B4067E8-CECB-4BA5-AC1D-A461F24C9213}.net_3_5_Debug|x86.Build.0 = Debug|x86
		{9B4067E8-CECB-4BA5-AC1D-A461F24C9213}.net_3_5_Release|Any CPU.ActiveCfg = Release|x86
		{9B4067E8-CECB-4BA5-AC1D-A461F24C9213}.net_3_5_Release|Mixed Platforms.ActiveCfg = Release|x86
		{9B4067E8-CECB-4BA5-AC1D-A461F24C9213}.net_3_5_Release|Mixed Platforms.Build.0 = Release|x86
		{9B4067E8-CECB-4BA5-AC1D-A461F24C9213}.net_3_5_Release|Win32.ActiveCfg = Release|x86
		{9B4067E8-CECB-4BA5-AC1D-A461F24C9213}.net_3_5_Release|Win32.Build.0 = Release|x86
		{9B4067E8-CECB-4BA5-AC1D-A461F24C9213}.net_3_5_Release|x86.ActiveCfg = Release|x86
		{9B4067E8-CECB-4BA5-AC1D-A461F24C9213}.net_3_5_Release|x86.Build.0 = Release|x86
		{9B4067E8-CECB-4BA5-AC1D-A461F24C9213}.net_4_0_Debug|Any CPU.ActiveCfg = Debug|x86
		{9B4067E8-CECB-4BA5-AC1D-A461F24C9213}.net_4_0_Debug|Mixed Platforms.ActiveCfg = Debug|x86
		{9B4067E8-CECB-4BA5-AC1D-A461F24C9213}.net_4_0_Debug|Mixed Platforms.Build.0 = Debug|x86
		{9B4067E8-CECB-4BA5-AC1D-A461F24C9213}.net_4_0_Debug|Win32.ActiveCfg = Debug|x86
		{9B4067E8-CECB-4BA5-AC1D-A461F24C9213}.net_4_0_Debug|Win32.Build.0 = Debug|x86
		{9B4067E8-CECB-4BA5-AC1D-A461F24C9213}.net_4_0_Debug|x86.ActiveCfg = Debug|x86
		{9B4067E8-CECB-4BA5-AC1D-A461F24C9213}.net_4_0_Debug|x86.Build.0 = Debug|x86
		{9B4067E8-CECB-4BA5-AC1D-A461F24C9213}.net_4_0_Release|Any CPU.ActiveCfg = Release|x86
		{9B4067E8-CECB-4BA5-AC1D-A461F24C9213}.net_4_0_Release|Mixed Platforms.ActiveCfg = Release|x86
		{9B4067E8-CECB-4BA5-AC1D-A461F24C9213}.net_4_0_Release|Mixed Platforms.Build.0 = Release|x86
		{9B4067E8-CECB-4BA5-AC1D-A461F24C9213}.net_4_0_Release|Win32.ActiveCfg = Release|x86
		{9B4067E8-CECB-4BA5-AC1D-A461F24C9213}.net_4_0_Release|Win32.Build.0 = Release|x86
		{9B4067E8-CECB-4BA5-AC1D-A461F24C9213}.net_4_0_Release|x86.ActiveCfg = Release|x86
		{9B4067E8-CECB-4BA5-AC1D-A461F24C9213}.net_4_0_Release|x86.Build.0 = Release|x86
		{9B4067E8-CECB-4BA5-AC1D-A461F24C9213}.silverlight_Debug|Any CPU.ActiveCfg = Debug|x86
		{9B4067E8-CECB-4BA5-AC1D-A461F24C9213}.silverlight_Debug|Mixed Platforms.ActiveCfg = Debug|x86
		{9B4067E8-CECB-4BA5-AC1D-A461F24C9213}.silverlight_Debug|Mixed Platforms.Build.0 = Debug|x86
		{9B4067E8-CECB-4BA5-AC1D-A461F24C9213}.silverlight_Debug|Win32.ActiveCfg = Debug|x86
		{9B4067E8-CECB-4BA5-AC1D-A461F24C9213}.silverlight_Debug|Win32.Build.0 = Debug|x86
		{9B4067E8-CECB-4BA5-AC1D-A461F24C9213}.silverlight_Debug|x86.ActiveCfg = Debug|x86
		{9B4067E8-CECB-4BA5-AC1D-A461F24C9213}.silverlight_Debug|x86.Build.0 = Debug|x86
		{9B4067E8-CECB-4BA5-AC1D-A461F24C9213}.silverlight_Release|Any CPU.ActiveCfg = Release|x86
		{9B4067E8-CECB-4BA5-AC1D-A461F24C9213}.silverlight_Release|Mixed Platforms.ActiveCfg = Release|x86
		{9B4067E8-CECB-4BA5-AC1D-A461F24C9213}.silverlight_Release|Mixed Platforms.Build.0 = Release|x86
		{9B4067E8-CECB-4BA5-AC1D-A461F24C9213}.silverlight_Release|Win32.ActiveCfg = Release|x86
		{9B4067E8-CECB-4BA5-AC1D-A461F24C9213}.silverlight_Release|Win32.Build.0 = Release|x86
		{9B4067E8-CECB-4BA5-AC1D-A461F24C9213}.silverlight_Release|x86.ActiveCfg = Release|x86
		{9B4067E8-CECB-4BA5-AC1D-A461F24C9213}.silverlight_Release|x86.Build.0 = Release|x86
		{9B4067E8-CECB-4BA5-AC1D-A461F24C9213}.winphone_Debug|Any CPU.ActiveCfg = Debug|x86
		{9B4067E8-CECB-4BA5-AC1D-A461F24C9213}.winphone_Debug|Mixed Platforms.ActiveCfg = Debug|x86
		{9B4067E8-CECB-4BA5-AC1D-A461F24C9213}.winphone_Debug|Mixed Platforms.Build.0 = Debug|x86
		{9B4067E8-CECB-4BA5-AC1D-A461F24C9213}.winphone_Debug|Win32.ActiveCfg = Debug|x86
		{9B4067E8-CECB-4BA5-AC1D-A461F24C9213}.winphone_Debug|Win32.Build.0 = Debug|x86
		{9B4067E8-CECB-4BA5-AC1D-A461F24C9213}.winphone_Debug|x86.ActiveCfg = Debug|x86
		{9B4067E8-CECB-4BA5-AC1D-A461F24C9213}.winphone_Debug|x86.Build.0 = Debug|x86
		{9B4067E8-CECB-4BA5-AC1D-A461F24C9213}.winphone_Release|Any CPU.ActiveCfg = Release|x86
		{9B4067E8-CECB-4BA5-AC1D-A461F24C9213}.winphone_Release|Mixed Platforms.ActiveCfg = Release|x86
		{9B4067E8-CECB-4BA5-AC1D-A461F24C9213}.winphone_Release|Mixed Platforms.Build.0 = Release|x86
		{9B4067E8-CECB-4BA5-AC1D-A461F24C9213}.winphone_Release|Win32.ActiveCfg = Release|x86
		{9B4067E8-CECB-4BA5-AC1D-A461F24C9213}.winphone_Release|Win32.Build.0 = Release|x86
		{9B4067E8-CECB-4BA5-AC1D-A461F24C9213}.winphone_Release|x86.ActiveCfg = Release|x86
		{9B4067E8-CECB-4BA5-AC1D-A461F24C9213}.winphone_Release|x86.Build.0 = Release|x86
		{B7EBE0FB-7E88-4C05-8803-02182F09EAFD}.Debug|Any CPU.ActiveCfg = Debug|Any CPU
		{B7EBE0FB-7E88-4C05-8803-02182F09EAFD}.Debug|Any CPU.Build.0 = Debug|Any CPU
		{B7EBE0FB-7E88-4C05-8803-02182F09EAFD}.Debug|Mixed Platforms.ActiveCfg = Debug|Any CPU
		{B7EBE0FB-7E88-4C05-8803-02182F09EAFD}.Debug|Mixed Platforms.Build.0 = Debug|Any CPU
		{B7EBE0FB-7E88-4C05-8803-02182F09EAFD}.Debug|Win32.ActiveCfg = Debug|Any CPU
		{B7EBE0FB-7E88-4C05-8803-02182F09EAFD}.Debug|x86.ActiveCfg = Debug|Any CPU
		{B7EBE0FB-7E88-4C05-8803-02182F09EAFD}.Release|Any CPU.ActiveCfg = Release|Any CPU
		{B7EBE0FB-7E88-4C05-8803-02182F09EAFD}.Release|Any CPU.Build.0 = Release|Any CPU
		{B7EBE0FB-7E88-4C05-8803-02182F09EAFD}.Release|Mixed Platforms.ActiveCfg = Release|Any CPU
		{B7EBE0FB-7E88-4C05-8803-02182F09EAFD}.Release|Mixed Platforms.Build.0 = Release|Any CPU
		{B7EBE0FB-7E88-4C05-8803-02182F09EAFD}.Release|Win32.ActiveCfg = Release|Any CPU
		{B7EBE0FB-7E88-4C05-8803-02182F09EAFD}.Release|x86.ActiveCfg = Release|Any CPU
		{B7EBE0FB-7E88-4C05-8803-02182F09EAFD}.net_2_0_Debug|Any CPU.ActiveCfg = Debug|Any CPU
		{B7EBE0FB-7E88-4C05-8803-02182F09EAFD}.net_2_0_Debug|Any CPU.Build.0 = Debug|Any CPU
		{B7EBE0FB-7E88-4C05-8803-02182F09EAFD}.net_2_0_Debug|Mixed Platforms.ActiveCfg = Debug|Any CPU
		{B7EBE0FB-7E88-4C05-8803-02182F09EAFD}.net_2_0_Debug|Mixed Platforms.Build.0 = Debug|Any CPU
		{B7EBE0FB-7E88-4C05-8803-02182F09EAFD}.net_2_0_Debug|Win32.ActiveCfg = Debug|Any CPU
		{B7EBE0FB-7E88-4C05-8803-02182F09EAFD}.net_2_0_Debug|x86.ActiveCfg = Debug|Any CPU
		{B7EBE0FB-7E88-4C05-8803-02182F09EAFD}.net_2_0_Release|Any CPU.ActiveCfg = Release|Any CPU
		{B7EBE0FB-7E88-4C05-8803-02182F09EAFD}.net_2_0_Release|Any CPU.Build.0 = Release|Any CPU
		{B7EBE0FB-7E88-4C05-8803-02182F09EAFD}.net_2_0_Release|Mixed Platforms.ActiveCfg = Release|Any CPU
		{B7EBE0FB-7E88-4C05-8803-02182F09EAFD}.net_2_0_Release|Mixed Platforms.Build.0 = Release|Any CPU
		{B7EBE0FB-7E88-4C05-8803-02182F09EAFD}.net_2_0_Release|Win32.ActiveCfg = Release|Any CPU
		{B7EBE0FB-7E88-4C05-8803-02182F09EAFD}.net_2_0_Release|x86.ActiveCfg = Release|Any CPU
		{B7EBE0FB-7E88-4C05-8803-02182F09EAFD}.net_3_5_Debug|Any CPU.ActiveCfg = Debug|Any CPU
		{B7EBE0FB-7E88-4C05-8803-02182F09EAFD}.net_3_5_Debug|Any CPU.Build.0 = Debug|Any CPU
		{B7EBE0FB-7E88-4C05-8803-02182F09EAFD}.net_3_5_Debug|Mixed Platforms.ActiveCfg = Debug|Any CPU
		{B7EBE0FB-7E88-4C05-8803-02182F09EAFD}.net_3_5_Debug|Mixed Platforms.Build.0 = Debug|Any CPU
		{B7EBE0FB-7E88-4C05-8803-02182F09EAFD}.net_3_5_Debug|Win32.ActiveCfg = Debug|Any CPU
		{B7EBE0FB-7E88-4C05-8803-02182F09EAFD}.net_3_5_Debug|x86.ActiveCfg = Debug|Any CPU
		{B7EBE0FB-7E88-4C05-8803-02182F09EAFD}.net_3_5_Release|Any CPU.ActiveCfg = Release|Any CPU
		{B7EBE0FB-7E88-4C05-8803-02182F09EAFD}.net_3_5_Release|Any CPU.Build.0 = Release|Any CPU
		{B7EBE0FB-7E88-4C05-8803-02182F09EAFD}.net_3_5_Release|Mixed Platforms.ActiveCfg = Release|Any CPU
		{B7EBE0FB-7E88-4C05-8803-02182F09EAFD}.net_3_5_Release|Mixed Platforms.Build.0 = Release|Any CPU
		{B7EBE0FB-7E88-4C05-8803-02182F09EAFD}.net_3_5_Release|Win32.ActiveCfg = Release|Any CPU
		{B7EBE0FB-7E88-4C05-8803-02182F09EAFD}.net_3_5_Release|x86.ActiveCfg = Release|Any CPU
		{B7EBE0FB-7E88-4C05-8803-02182F09EAFD}.net_4_0_Debug|Any CPU.ActiveCfg = Debug|Any CPU
		{B7EBE0FB-7E88-4C05-8803-02182F09EAFD}.net_4_0_Debug|Any CPU.Build.0 = Debug|Any CPU
		{B7EBE0FB-7E88-4C05-8803-02182F09EAFD}.net_4_0_Debug|Mixed Platforms.ActiveCfg = Debug|Any CPU
		{B7EBE0FB-7E88-4C05-8803-02182F09EAFD}.net_4_0_Debug|Mixed Platforms.Build.0 = Debug|Any CPU
		{B7EBE0FB-7E88-4C05-8803-02182F09EAFD}.net_4_0_Debug|Win32.ActiveCfg = Debug|Any CPU
		{B7EBE0FB-7E88-4C05-8803-02182F09EAFD}.net_4_0_Debug|x86.ActiveCfg = Debug|Any CPU
		{B7EBE0FB-7E88-4C05-8803-02182F09EAFD}.net_4_0_Release|Any CPU.ActiveCfg = Release|Any CPU
		{B7EBE0FB-7E88-4C05-8803-02182F09EAFD}.net_4_0_Release|Any CPU.Build.0 = Release|Any CPU
		{B7EBE0FB-7E88-4C05-8803-02182F09EAFD}.net_4_0_Release|Mixed Platforms.ActiveCfg = Release|Any CPU
		{B7EBE0FB-7E88-4C05-8803-02182F09EAFD}.net_4_0_Release|Mixed Platforms.Build.0 = Release|Any CPU
		{B7EBE0FB-7E88-4C05-8803-02182F09EAFD}.net_4_0_Release|Win32.ActiveCfg = Release|Any CPU
		{B7EBE0FB-7E88-4C05-8803-02182F09EAFD}.net_4_0_Release|x86.ActiveCfg = Release|Any CPU
		{B7EBE0FB-7E88-4C05-8803-02182F09EAFD}.silverlight_Debug|Any CPU.ActiveCfg = Debug|Any CPU
		{B7EBE0FB-7E88-4C05-8803-02182F09EAFD}.silverlight_Debug|Any CPU.Build.0 = Debug|Any CPU
		{B7EBE0FB-7E88-4C05-8803-02182F09EAFD}.silverlight_Debug|Mixed Platforms.ActiveCfg = Debug|Any CPU
		{B7EBE0FB-7E88-4C05-8803-02182F09EAFD}.silverlight_Debug|Mixed Platforms.Build.0 = Debug|Any CPU
		{B7EBE0FB-7E88-4C05-8803-02182F09EAFD}.silverlight_Debug|Win32.ActiveCfg = Debug|Any CPU
		{B7EBE0FB-7E88-4C05-8803-02182F09EAFD}.silverlight_Debug|x86.ActiveCfg = Debug|Any CPU
		{B7EBE0FB-7E88-4C05-8803-02182F09EAFD}.silverlight_Release|Any CPU.ActiveCfg = Release|Any CPU
		{B7EBE0FB-7E88-4C05-8803-02182F09EAFD}.silverlight_Release|Any CPU.Build.0 = Release|Any CPU
		{B7EBE0FB-7E88-4C05-8803-02182F09EAFD}.silverlight_Release|Mixed Platforms.ActiveCfg = Release|Any CPU
		{B7EBE0FB-7E88-4C05-8803-02182F09EAFD}.silverlight_Release|Mixed Platforms.Build.0 = Release|Any CPU
		{B7EBE0FB-7E88-4C05-8803-02182F09EAFD}.silverlight_Release|Win32.ActiveCfg = Release|Any CPU
		{B7EBE0FB-7E88-4C05-8803-02182F09EAFD}.silverlight_Release|x86.ActiveCfg = Release|Any CPU
		{B7EBE0FB-7E88-4C05-8803-02182F09EAFD}.winphone_Debug|Any CPU.ActiveCfg = Debug|Any CPU
		{B7EBE0FB-7E88-4C05-8803-02182F09EAFD}.winphone_Debug|Any CPU.Build.0 = Debug|Any CPU
		{B7EBE0FB-7E88-4C05-8803-02182F09EAFD}.winphone_Debug|Mixed Platforms.ActiveCfg = Debug|Any CPU
		{B7EBE0FB-7E88-4C05-8803-02182F09EAFD}.winphone_Debug|Mixed Platforms.Build.0 = Debug|Any CPU
		{B7EBE0FB-7E88-4C05-8803-02182F09EAFD}.winphone_Debug|Win32.ActiveCfg = Debug|Any CPU
		{B7EBE0FB-7E88-4C05-8803-02182F09EAFD}.winphone_Debug|x86.ActiveCfg = Debug|Any CPU
		{B7EBE0FB-7E88-4C05-8803-02182F09EAFD}.winphone_Release|Any CPU.ActiveCfg = Release|Any CPU
		{B7EBE0FB-7E88-4C05-8803-02182F09EAFD}.winphone_Release|Any CPU.Build.0 = Release|Any CPU
		{B7EBE0FB-7E88-4C05-8803-02182F09EAFD}.winphone_Release|Mixed Platforms.ActiveCfg = Release|Any CPU
		{B7EBE0FB-7E88-4C05-8803-02182F09EAFD}.winphone_Release|Mixed Platforms.Build.0 = Release|Any CPU
		{B7EBE0FB-7E88-4C05-8803-02182F09EAFD}.winphone_Release|Win32.ActiveCfg = Release|Any CPU
		{B7EBE0FB-7E88-4C05-8803-02182F09EAFD}.winphone_Release|x86.ActiveCfg = Release|Any CPU
		{CFD2852D-BB1B-4DC7-9862-A2C960E890DB}.Debug|Any CPU.ActiveCfg = Debug|Win32
		{CFD2852D-BB1B-4DC7-9862-A2C960E890DB}.Debug|Mixed Platforms.ActiveCfg = Debug|Win32
		{CFD2852D-BB1B-4DC7-9862-A2C960E890DB}.Debug|Mixed Platforms.Build.0 = Debug|Win32
		{CFD2852D-BB1B-4DC7-9862-A2C960E890DB}.Debug|Win32.ActiveCfg = Debug|Win32
		{CFD2852D-BB1B-4DC7-9862-A2C960E890DB}.Debug|Win32.Build.0 = Debug|Win32
		{CFD2852D-BB1B-4DC7-9862-A2C960E890DB}.Debug|x86.ActiveCfg = Debug|Win32
		{CFD2852D-BB1B-4DC7-9862-A2C960E890DB}.Debug|x86.Build.0 = Debug|Win32
		{CFD2852D-BB1B-4DC7-9862-A2C960E890DB}.Release|Any CPU.ActiveCfg = Release|Win32
		{CFD2852D-BB1B-4DC7-9862-A2C960E890DB}.Release|Mixed Platforms.ActiveCfg = Release|Win32
		{CFD2852D-BB1B-4DC7-9862-A2C960E890DB}.Release|Mixed Platforms.Build.0 = Release|Win32
		{CFD2852D-BB1B-4DC7-9862-A2C960E890DB}.Release|Win32.ActiveCfg = Release|Win32
		{CFD2852D-BB1B-4DC7-9862-A2C960E890DB}.Release|Win32.Build.0 = Release|Win32
		{CFD2852D-BB1B-4DC7-9862-A2C960E890DB}.Release|x86.ActiveCfg = Release|Win32
		{CFD2852D-BB1B-4DC7-9862-A2C960E890DB}.Release|x86.Build.0 = Release|Win32
		{CFD2852D-BB1B-4DC7-9862-A2C960E890DB}.net_2_0_Debug|Any CPU.ActiveCfg = Debug|Win32
		{CFD2852D-BB1B-4DC7-9862-A2C960E890DB}.net_2_0_Debug|Mixed Platforms.ActiveCfg = Debug|Win32
		{CFD2852D-BB1B-4DC7-9862-A2C960E890DB}.net_2_0_Debug|Mixed Platforms.Build.0 = Debug|Win32
		{CFD2852D-BB1B-4DC7-9862-A2C960E890DB}.net_2_0_Debug|Win32.ActiveCfg = Debug|Win32
		{CFD2852D-BB1B-4DC7-9862-A2C960E890DB}.net_2_0_Debug|Win32.Build.0 = Debug|Win32
		{CFD2852D-BB1B-4DC7-9862-A2C960E890DB}.net_2_0_Debug|x86.ActiveCfg = Debug|Win32
		{CFD2852D-BB1B-4DC7-9862-A2C960E890DB}.net_2_0_Debug|x86.Build.0 = Debug|Win32
		{CFD2852D-BB1B-4DC7-9862-A2C960E890DB}.net_2_0_Release|Any CPU.ActiveCfg = Release|Win32
		{CFD2852D-BB1B-4DC7-9862-A2C960E890DB}.net_2_0_Release|Mixed Platforms.ActiveCfg = Release|Win32
		{CFD2852D-BB1B-4DC7-9862-A2C960E890DB}.net_2_0_Release|Mixed Platforms.Build.0 = Release|Win32
		{CFD2852D-BB1B-4DC7-9862-A2C960E890DB}.net_2_0_Release|Win32.ActiveCfg = Release|Win32
		{CFD2852D-BB1B-4DC7-9862-A2C960E890DB}.net_2_0_Release|Win32.Build.0 = Release|Win32
		{CFD2852D-BB1B-4DC7-9862-A2C960E890DB}.net_2_0_Release|x86.ActiveCfg = Release|Win32
		{CFD2852D-BB1B-4DC7-9862-A2C960E890DB}.net_2_0_Release|x86.Build.0 = Release|Win32
		{CFD2852D-BB1B-4DC7-9862-A2C960E890DB}.net_3_5_Debug|Any CPU.ActiveCfg = Debug|Win32
		{CFD2852D-BB1B-4DC7-9862-A2C960E890DB}.net_3_5_Debug|Mixed Platforms.ActiveCfg = Debug|Win32
		{CFD2852D-BB1B-4DC7-9862-A2C960E890DB}.net_3_5_Debug|Mixed Platforms.Build.0 = Debug|Win32
		{CFD2852D-BB1B-4DC7-9862-A2C960E890DB}.net_3_5_Debug|Win32.ActiveCfg = Debug|Win32
		{CFD2852D-BB1B-4DC7-9862-A2C960E890DB}.net_3_5_Debug|Win32.Build.0 = Debug|Win32
		{CFD2852D-BB1B-4DC7-9862-A2C960E890DB}.net_3_5_Debug|x86.ActiveCfg = Debug|Win32
		{CFD2852D-BB1B-4DC7-9862-A2C960E890DB}.net_3_5_Debug|x86.Build.0 = Debug|Win32
		{CFD2852D-BB1B-4DC7-9862-A2C960E890DB}.net_3_5_Release|Any CPU.ActiveCfg = Release|Win32
		{CFD2852D-BB1B-4DC7-9862-A2C960E890DB}.net_3_5_Release|Mixed Platforms.ActiveCfg = Release|Win32
		{CFD2852D-BB1B-4DC7-9862-A2C960E890DB}.net_3_5_Release|Mixed Platforms.Build.0 = Release|Win32
		{CFD2852D-BB1B-4DC7-9862-A2C960E890DB}.net_3_5_Release|Win32.ActiveCfg = Release|Win32
		{CFD2852D-BB1B-4DC7-9862-A2C960E890DB}.net_3_5_Release|Win32.Build.0 = Release|Win32
		{CFD2852D-BB1B-4DC7-9862-A2C960E890DB}.net_3_5_Release|x86.ActiveCfg = Release|Win32
		{CFD2852D-BB1B-4DC7-9862-A2C960E890DB}.net_3_5_Release|x86.Build.0 = Release|Win32
		{CFD2852D-BB1B-4DC7-9862-A2C960E890DB}.net_4_0_Debug|Any CPU.ActiveCfg = Debug|Win32
		{CFD2852D-BB1B-4DC7-9862-A2C960E890DB}.net_4_0_Debug|Mixed Platforms.ActiveCfg = Debug|Win32
		{CFD2852D-BB1B-4DC7-9862-A2C960E890DB}.net_4_0_Debug|Mixed Platforms.Build.0 = Debug|Win32
		{CFD2852D-BB1B-4DC7-9862-A2C960E890DB}.net_4_0_Debug|Win32.ActiveCfg = Debug|Win32
		{CFD2852D-BB1B-4DC7-9862-A2C960E890DB}.net_4_0_Debug|Win32.Build.0 = Debug|Win32
		{CFD2852D-BB1B-4DC7-9862-A2C960E890DB}.net_4_0_Debug|x86.ActiveCfg = Debug|Win32
		{CFD2852D-BB1B-4DC7-9862-A2C960E890DB}.net_4_0_Debug|x86.Build.0 = Debug|Win32
		{CFD2852D-BB1B-4DC7-9862-A2C960E890DB}.net_4_0_Release|Any CPU.ActiveCfg = Release|Win32
		{CFD2852D-BB1B-4DC7-9862-A2C960E890DB}.net_4_0_Release|Mixed Platforms.ActiveCfg = Release|Win32
		{CFD2852D-BB1B-4DC7-9862-A2C960E890DB}.net_4_0_Release|Mixed Platforms.Build.0 = Release|Win32
		{CFD2852D-BB1B-4DC7-9862-A2C960E890DB}.net_4_0_Release|Win32.ActiveCfg = Release|Win32
		{CFD2852D-BB1B-4DC7-9862-A2C960E890DB}.net_4_0_Release|Win32.Build.0 = Release|Win32
		{CFD2852D-BB1B-4DC7-9862-A2C960E890DB}.net_4_0_Release|x86.ActiveCfg = Release|Win32
		{CFD2852D-BB1B-4DC7-9862-A2C960E890DB}.net_4_0_Release|x86.Build.0 = Release|Win32
		{CFD2852D-BB1B-4DC7-9862-A2C960E890DB}.silverlight_Debug|Any CPU.ActiveCfg = Debug|Win32
		{CFD2852D-BB1B-4DC7-9862-A2C960E890DB}.silverlight_Debug|Mixed Platforms.ActiveCfg = Debug|Win32
		{CFD2852D-BB1B-4DC7-9862-A2C960E890DB}.silverlight_Debug|Mixed Platforms.Build.0 = Debug|Win32
		{CFD2852D-BB1B-4DC7-9862-A2C960E890DB}.silverlight_Debug|Win32.ActiveCfg = Debug|Win32
		{CFD2852D-BB1B-4DC7-9862-A2C960E890DB}.silverlight_Debug|Win32.Build.0 = Debug|Win32
		{CFD2852D-BB1B-4DC7-9862-A2C960E890DB}.silverlight_Debug|x86.ActiveCfg = Debug|Win32
		{CFD2852D-BB1B-4DC7-9862-A2C960E890DB}.silverlight_Debug|x86.Build.0 = Debug|Win32
		{CFD2852D-BB1B-4DC7-9862-A2C960E890DB}.silverlight_Release|Any CPU.ActiveCfg = Release|Win32
		{CFD2852D-BB1B-4DC7-9862-A2C960E890DB}.silverlight_Release|Mixed Platforms.ActiveCfg = Release|Win32
		{CFD2852D-BB1B-4DC7-9862-A2C960E890DB}.silverlight_Release|Mixed Platforms.Build.0 = Release|Win32
		{CFD2852D-BB1B-4DC7-9862-A2C960E890DB}.silverlight_Release|Win32.ActiveCfg = Release|Win32
		{CFD2852D-BB1B-4DC7-9862-A2C960E890DB}.silverlight_Release|Win32.Build.0 = Release|Win32
		{CFD2852D-BB1B-4DC7-9862-A2C960E890DB}.silverlight_Release|x86.ActiveCfg = Release|Win32
		{CFD2852D-BB1B-4DC7-9862-A2C960E890DB}.silverlight_Release|x86.Build.0 = Release|Win32
		{CFD2852D-BB1B-4DC7-9862-A2C960E890DB}.winphone_Debug|Any CPU.ActiveCfg = Debug|Win32
		{CFD2852D-BB1B-4DC7-9862-A2C960E890DB}.winphone_Debug|Mixed Platforms.ActiveCfg = Debug|Win32
		{CFD2852D-BB1B-4DC7-9862-A2C960E890DB}.winphone_Debug|Mixed Platforms.Build.0 = Debug|Win32
		{CFD2852D-BB1B-4DC7-9862-A2C960E890DB}.winphone_Debug|Win32.ActiveCfg = Debug|Win32
		{CFD2852D-BB1B-4DC7-9862-A2C960E890DB}.winphone_Debug|Win32.Build.0 = Debug|Win32
		{CFD2852D-BB1B-4DC7-9862-A2C960E890DB}.winphone_Debug|x86.ActiveCfg = Debug|Win32
		{CFD2852D-BB1B-4DC7-9862-A2C960E890DB}.winphone_Debug|x86.Build.0 = Debug|Win32
		{CFD2852D-BB1B-4DC7-9862-A2C960E890DB}.winphone_Release|Any CPU.ActiveCfg = Release|Win32
		{CFD2852D-BB1B-4DC7-9862-A2C960E890DB}.winphone_Release|Mixed Platforms.ActiveCfg = Release|Win32
		{CFD2852D-BB1B-4DC7-9862-A2C960E890DB}.winphone_Release|Mixed Platforms.Build.0 = Release|Win32
		{CFD2852D-BB1B-4DC7-9862-A2C960E890DB}.winphone_Release|Win32.ActiveCfg = Release|Win32
		{CFD2852D-BB1B-4DC7-9862-A2C960E890DB}.winphone_Release|Win32.Build.0 = Release|Win32
		{CFD2852D-BB1B-4DC7-9862-A2C960E890DB}.winphone_Release|x86.ActiveCfg = Release|Win32
		{CFD2852D-BB1B-4DC7-9862-A2C960E890DB}.winphone_Release|x86.Build.0 = Release|Win32
	EndGlobalSection
	GlobalSection(SolutionProperties) = preSolution
		HideSolutionNode = FALSE
	EndGlobalSection
EndGlobal
